// !$*UTF8*$!
{
	archiveVersion = 1;
	classes = {
	};
	objectVersion = 50;
	objects = {

/* Begin PBXBuildFile section */
		AF08DFE724D891820008AB62 /* LeaderViewController.swift in Sources */ = {isa = PBXBuildFile; fileRef = AF08DFE624D891820008AB62 /* LeaderViewController.swift */; };
		AF08DFE924D9096C0008AB62 /* ArticleViewController.swift in Sources */ = {isa = PBXBuildFile; fileRef = AF08DFE824D9096C0008AB62 /* ArticleViewController.swift */; };
		AF08DFEB24D9180F0008AB62 /* Author.swift in Sources */ = {isa = PBXBuildFile; fileRef = AF08DFEA24D9180F0008AB62 /* Author.swift */; };
		AF08DFF224DAA63F0008AB62 /* LearnResponse.swift in Sources */ = {isa = PBXBuildFile; fileRef = AF08DFF124DAA63F0008AB62 /* LearnResponse.swift */; };
		AF3D92C224D02F4100109169 /* BreakViewController.swift in Sources */ = {isa = PBXBuildFile; fileRef = AF3D92C124D02F4100109169 /* BreakViewController.swift */; };
		AF3D92CA24D128B100109169 /* Session.swift in Sources */ = {isa = PBXBuildFile; fileRef = AF3D92C924D128B100109169 /* Session.swift */; };
		AF3D92CC24D128EA00109169 /* SessionManager.swift in Sources */ = {isa = PBXBuildFile; fileRef = AF3D92CB24D128EA00109169 /* SessionManager.swift */; };
		AF3D92CE24D1291100109169 /* CountdownTimer.swift in Sources */ = {isa = PBXBuildFile; fileRef = AF3D92CD24D1291100109169 /* CountdownTimer.swift */; };
		AF3D92D324D18A2900109169 /* Break.swift in Sources */ = {isa = PBXBuildFile; fileRef = AF3D92D224D18A2900109169 /* Break.swift */; };
		AF3D92D524D18A3800109169 /* BreakManager.swift in Sources */ = {isa = PBXBuildFile; fileRef = AF3D92D424D18A3800109169 /* BreakManager.swift */; };
		AF3D932B24D5189E00109169 /* CactusTabBarController.swift in Sources */ = {isa = PBXBuildFile; fileRef = AF3D932A24D5189E00109169 /* CactusTabBarController.swift */; };
		AF3D932E24D51C7B00109169 /* SessionsListViewController.swift in Sources */ = {isa = PBXBuildFile; fileRef = AF3D932D24D51C7B00109169 /* SessionsListViewController.swift */; };
		AF3D933024D51D0F00109169 /* SessionsStorage.swift in Sources */ = {isa = PBXBuildFile; fileRef = AF3D932F24D51D0F00109169 /* SessionsStorage.swift */; };
		AF3D933224D5273200109169 /* SessionsListTableViewCell.swift in Sources */ = {isa = PBXBuildFile; fileRef = AF3D933124D5273200109169 /* SessionsListTableViewCell.swift */; };
		AF3E08B624CFD05C0018905C /* AppDelegate.swift in Sources */ = {isa = PBXBuildFile; fileRef = AF3E08B524CFD05B0018905C /* AppDelegate.swift */; };
		AF3E08BA24CFD05C0018905C /* SessionViewController.swift in Sources */ = {isa = PBXBuildFile; fileRef = AF3E08B924CFD05C0018905C /* SessionViewController.swift */; };
		AF3E08BD24CFD05C0018905C /* Main.storyboard in Resources */ = {isa = PBXBuildFile; fileRef = AF3E08BB24CFD05C0018905C /* Main.storyboard */; };
		AF3E08BF24CFD05E0018905C /* Assets.xcassets in Resources */ = {isa = PBXBuildFile; fileRef = AF3E08BE24CFD05E0018905C /* Assets.xcassets */; };
		AF3E08C224CFD05E0018905C /* LaunchScreen.storyboard in Resources */ = {isa = PBXBuildFile; fileRef = AF3E08C024CFD05E0018905C /* LaunchScreen.storyboard */; };
		AF3E08CA24CFE72A0018905C /* OnboardingViewController.swift in Sources */ = {isa = PBXBuildFile; fileRef = AF3E08C924CFE72A0018905C /* OnboardingViewController.swift */; };
		AF496A3924D7368D008DAF8C /* CactusShopViewController.swift in Sources */ = {isa = PBXBuildFile; fileRef = AF496A3824D7368D008DAF8C /* CactusShopViewController.swift */; };
		AF496A3B24D7369A008DAF8C /* Cactus.swift in Sources */ = {isa = PBXBuildFile; fileRef = AF496A3A24D7369A008DAF8C /* Cactus.swift */; };
		AF496A3D24D736A7008DAF8C /* CactusesStorage.swift in Sources */ = {isa = PBXBuildFile; fileRef = AF496A3C24D736A7008DAF8C /* CactusesStorage.swift */; };
		AF496A3F24D736DD008DAF8C /* CactusCollectionViewCell.swift in Sources */ = {isa = PBXBuildFile; fileRef = AF496A3E24D736DD008DAF8C /* CactusCollectionViewCell.swift */; };
		AF496A4324D7B8BF008DAF8C /* LearnViewController.swift in Sources */ = {isa = PBXBuildFile; fileRef = AF496A4224D7B8BF008DAF8C /* LearnViewController.swift */; };
		AF496A4624D7BC9F008DAF8C /* ArticleCollectionViewCell.swift in Sources */ = {isa = PBXBuildFile; fileRef = AF496A4524D7BC9F008DAF8C /* ArticleCollectionViewCell.swift */; };
		AF496A4924D7BF01008DAF8C /* Article.swift in Sources */ = {isa = PBXBuildFile; fileRef = AF496A4824D7BF01008DAF8C /* Article.swift */; };
		AF5C1BC024D57D2300B30CF6 /* LeaderboardViewController.swift in Sources */ = {isa = PBXBuildFile; fileRef = AF5C1BBF24D57D2300B30CF6 /* LeaderboardViewController.swift */; };
		AF5C1BC224D57D3600B30CF6 /* Leader.swift in Sources */ = {isa = PBXBuildFile; fileRef = AF5C1BC124D57D3600B30CF6 /* Leader.swift */; };
		AF5C1BC424D57D4500B30CF6 /* LeadersStorage.swift in Sources */ = {isa = PBXBuildFile; fileRef = AF5C1BC324D57D4500B30CF6 /* LeadersStorage.swift */; };
		AF5C1BC924D57E9700B30CF6 /* LeaderTableViewCell.swift in Sources */ = {isa = PBXBuildFile; fileRef = AF5C1BC824D57E9700B30CF6 /* LeaderTableViewCell.swift */; };
/* End PBXBuildFile section */

/* Begin PBXFileReference section */
		AF08DFE624D891820008AB62 /* LeaderViewController.swift */ = {isa = PBXFileReference; lastKnownFileType = sourcecode.swift; path = LeaderViewController.swift; sourceTree = "<group>"; };
		AF08DFE824D9096C0008AB62 /* ArticleViewController.swift */ = {isa = PBXFileReference; lastKnownFileType = sourcecode.swift; path = ArticleViewController.swift; sourceTree = "<group>"; };
		AF08DFEA24D9180F0008AB62 /* Author.swift */ = {isa = PBXFileReference; lastKnownFileType = sourcecode.swift; path = Author.swift; sourceTree = "<group>"; };
		AF08DFF124DAA63F0008AB62 /* LearnResponse.swift */ = {isa = PBXFileReference; lastKnownFileType = sourcecode.swift; path = LearnResponse.swift; sourceTree = "<group>"; };
		AF3D92C124D02F4100109169 /* BreakViewController.swift */ = {isa = PBXFileReference; lastKnownFileType = sourcecode.swift; path = BreakViewController.swift; sourceTree = "<group>"; };
		AF3D92C924D128B100109169 /* Session.swift */ = {isa = PBXFileReference; lastKnownFileType = sourcecode.swift; path = Session.swift; sourceTree = "<group>"; };
		AF3D92CB24D128EA00109169 /* SessionManager.swift */ = {isa = PBXFileReference; lastKnownFileType = sourcecode.swift; path = SessionManager.swift; sourceTree = "<group>"; };
		AF3D92CD24D1291100109169 /* CountdownTimer.swift */ = {isa = PBXFileReference; lastKnownFileType = sourcecode.swift; path = CountdownTimer.swift; sourceTree = "<group>"; };
		AF3D92D224D18A2900109169 /* Break.swift */ = {isa = PBXFileReference; lastKnownFileType = sourcecode.swift; path = Break.swift; sourceTree = "<group>"; };
		AF3D92D424D18A3800109169 /* BreakManager.swift */ = {isa = PBXFileReference; lastKnownFileType = sourcecode.swift; path = BreakManager.swift; sourceTree = "<group>"; };
		AF3D932A24D5189E00109169 /* CactusTabBarController.swift */ = {isa = PBXFileReference; lastKnownFileType = sourcecode.swift; path = CactusTabBarController.swift; sourceTree = "<group>"; };
		AF3D932D24D51C7B00109169 /* SessionsListViewController.swift */ = {isa = PBXFileReference; lastKnownFileType = sourcecode.swift; path = SessionsListViewController.swift; sourceTree = "<group>"; };
		AF3D932F24D51D0F00109169 /* SessionsStorage.swift */ = {isa = PBXFileReference; lastKnownFileType = sourcecode.swift; path = SessionsStorage.swift; sourceTree = "<group>"; };
		AF3D933124D5273200109169 /* SessionsListTableViewCell.swift */ = {isa = PBXFileReference; lastKnownFileType = sourcecode.swift; path = SessionsListTableViewCell.swift; sourceTree = "<group>"; };
		AF3E08B224CFD05B0018905C /* Cactus.app */ = {isa = PBXFileReference; explicitFileType = wrapper.application; includeInIndex = 0; path = Cactus.app; sourceTree = BUILT_PRODUCTS_DIR; };
		AF3E08B524CFD05B0018905C /* AppDelegate.swift */ = {isa = PBXFileReference; lastKnownFileType = sourcecode.swift; path = AppDelegate.swift; sourceTree = "<group>"; };
		AF3E08B924CFD05C0018905C /* SessionViewController.swift */ = {isa = PBXFileReference; lastKnownFileType = sourcecode.swift; path = SessionViewController.swift; sourceTree = "<group>"; };
		AF3E08BC24CFD05C0018905C /* Base */ = {isa = PBXFileReference; lastKnownFileType = file.storyboard; name = Base; path = Base.lproj/Main.storyboard; sourceTree = "<group>"; };
		AF3E08BE24CFD05E0018905C /* Assets.xcassets */ = {isa = PBXFileReference; lastKnownFileType = folder.assetcatalog; path = Assets.xcassets; sourceTree = "<group>"; };
		AF3E08C124CFD05E0018905C /* Base */ = {isa = PBXFileReference; lastKnownFileType = file.storyboard; name = Base; path = Base.lproj/LaunchScreen.storyboard; sourceTree = "<group>"; };
		AF3E08C324CFD05E0018905C /* Info.plist */ = {isa = PBXFileReference; lastKnownFileType = text.plist.xml; path = Info.plist; sourceTree = "<group>"; };
		AF3E08C924CFE72A0018905C /* OnboardingViewController.swift */ = {isa = PBXFileReference; lastKnownFileType = sourcecode.swift; path = OnboardingViewController.swift; sourceTree = "<group>"; };
		AF496A3824D7368D008DAF8C /* CactusShopViewController.swift */ = {isa = PBXFileReference; lastKnownFileType = sourcecode.swift; path = CactusShopViewController.swift; sourceTree = "<group>"; };
		AF496A3A24D7369A008DAF8C /* Cactus.swift */ = {isa = PBXFileReference; lastKnownFileType = sourcecode.swift; path = Cactus.swift; sourceTree = "<group>"; };
		AF496A3C24D736A7008DAF8C /* CactusesStorage.swift */ = {isa = PBXFileReference; lastKnownFileType = sourcecode.swift; path = CactusesStorage.swift; sourceTree = "<group>"; };
		AF496A3E24D736DD008DAF8C /* CactusCollectionViewCell.swift */ = {isa = PBXFileReference; lastKnownFileType = sourcecode.swift; path = CactusCollectionViewCell.swift; sourceTree = "<group>"; };
		AF496A4224D7B8BF008DAF8C /* LearnViewController.swift */ = {isa = PBXFileReference; lastKnownFileType = sourcecode.swift; path = LearnViewController.swift; sourceTree = "<group>"; };
		AF496A4524D7BC9F008DAF8C /* ArticleCollectionViewCell.swift */ = {isa = PBXFileReference; lastKnownFileType = sourcecode.swift; path = ArticleCollectionViewCell.swift; sourceTree = "<group>"; };
		AF496A4824D7BF01008DAF8C /* Article.swift */ = {isa = PBXFileReference; lastKnownFileType = sourcecode.swift; path = Article.swift; sourceTree = "<group>"; };
		AF5C1BBF24D57D2300B30CF6 /* LeaderboardViewController.swift */ = {isa = PBXFileReference; lastKnownFileType = sourcecode.swift; path = LeaderboardViewController.swift; sourceTree = "<group>"; };
		AF5C1BC124D57D3600B30CF6 /* Leader.swift */ = {isa = PBXFileReference; lastKnownFileType = sourcecode.swift; path = Leader.swift; sourceTree = "<group>"; };
		AF5C1BC324D57D4500B30CF6 /* LeadersStorage.swift */ = {isa = PBXFileReference; lastKnownFileType = sourcecode.swift; path = LeadersStorage.swift; sourceTree = "<group>"; };
		AF5C1BC824D57E9700B30CF6 /* LeaderTableViewCell.swift */ = {isa = PBXFileReference; lastKnownFileType = sourcecode.swift; path = LeaderTableViewCell.swift; sourceTree = "<group>"; };
/* End PBXFileReference section */

/* Begin PBXFrameworksBuildPhase section */
		AF3E08AF24CFD05B0018905C /* Frameworks */ = {
			isa = PBXFrameworksBuildPhase;
			buildActionMask = 2147483647;
			files = (
			);
			runOnlyForDeploymentPostprocessing = 0;
		};
/* End PBXFrameworksBuildPhase section */

/* Begin PBXGroup section */
		AF3D92C624D1285300109169 /* Session */ = {
			isa = PBXGroup;
			children = (
				AF3D92C824D1288700109169 /* Controller */,
				AF3D92C724D1286A00109169 /* Model */,
			);
			path = Session;
			sourceTree = "<group>";
		};
		AF3D92C724D1286A00109169 /* Model */ = {
			isa = PBXGroup;
			children = (
				AF3D92C924D128B100109169 /* Session.swift */,
				AF3D92CB24D128EA00109169 /* SessionManager.swift */,
			);
			path = Model;
			sourceTree = "<group>";
		};
		AF3D92C824D1288700109169 /* Controller */ = {
			isa = PBXGroup;
			children = (
				AF3E08B924CFD05C0018905C /* SessionViewController.swift */,
			);
			path = Controller;
			sourceTree = "<group>";
		};
		AF3D92CF24D189DE00109169 /* Break */ = {
			isa = PBXGroup;
			children = (
				AF3D92D124D189E900109169 /* Model */,
				AF3D92D024D189E500109169 /* Controller */,
			);
			path = Break;
			sourceTree = "<group>";
		};
		AF3D92D024D189E500109169 /* Controller */ = {
			isa = PBXGroup;
			children = (
				AF3D92C124D02F4100109169 /* BreakViewController.swift */,
			);
			path = Controller;
			sourceTree = "<group>";
		};
		AF3D92D124D189E900109169 /* Model */ = {
			isa = PBXGroup;
			children = (
				AF3D92D224D18A2900109169 /* Break.swift */,
				AF3D92D424D18A3800109169 /* BreakManager.swift */,
			);
			path = Model;
			sourceTree = "<group>";
		};
		AF3D92D624D18A4000109169 /* CountdownTimer */ = {
			isa = PBXGroup;
			children = (
				AF3D92CD24D1291100109169 /* CountdownTimer.swift */,
			);
			path = CountdownTimer;
			sourceTree = "<group>";
		};
		AF3D932924D5186E00109169 /* TabBar */ = {
			isa = PBXGroup;
			children = (
				AF3D932A24D5189E00109169 /* CactusTabBarController.swift */,
			);
			path = TabBar;
			sourceTree = "<group>";
		};
		AF3D932C24D51C6300109169 /* SessionsList */ = {
			isa = PBXGroup;
			children = (
				AF5C1BCC24D57EAC00B30CF6 /* Controller */,
				AF5C1BCB24D57EA600B30CF6 /* View */,
				AF5C1BCA24D57EA100B30CF6 /* Model */,
			);
			path = SessionsList;
			sourceTree = "<group>";
		};
		AF3E08A924CFD05B0018905C = {
			isa = PBXGroup;
			children = (
				AF3E08B424CFD05B0018905C /* Cactus */,
				AF3E08B324CFD05B0018905C /* Products */,
			);
			sourceTree = "<group>";
		};
		AF3E08B324CFD05B0018905C /* Products */ = {
			isa = PBXGroup;
			children = (
				AF3E08B224CFD05B0018905C /* Cactus.app */,
			);
			name = Products;
			sourceTree = "<group>";
		};
		AF3E08B424CFD05B0018905C /* Cactus */ = {
			isa = PBXGroup;
			children = (
				AF496A4024D7B8A3008DAF8C /* Learn */,
				AF496A3424D73655008DAF8C /* CactusShop */,
				AF5C1BBE24D57D0800B30CF6 /* Leaderboard */,
				AF3D932C24D51C6300109169 /* SessionsList */,
				AF3D932924D5186E00109169 /* TabBar */,
				AF3D92D624D18A4000109169 /* CountdownTimer */,
				AF3D92CF24D189DE00109169 /* Break */,
				AF3D92C624D1285300109169 /* Session */,
				AF3E08B524CFD05B0018905C /* AppDelegate.swift */,
				AF3E08C924CFE72A0018905C /* OnboardingViewController.swift */,
				AF3E08BB24CFD05C0018905C /* Main.storyboard */,
				AF3E08BE24CFD05E0018905C /* Assets.xcassets */,
				AF3E08C024CFD05E0018905C /* LaunchScreen.storyboard */,
				AF3E08C324CFD05E0018905C /* Info.plist */,
			);
			path = Cactus;
			sourceTree = "<group>";
		};
		AF496A3424D73655008DAF8C /* CactusShop */ = {
			isa = PBXGroup;
			children = (
				AF496A3724D7366A008DAF8C /* View */,
				AF496A3624D73666008DAF8C /* Controller */,
				AF496A3524D73662008DAF8C /* Model */,
			);
			path = CactusShop;
			sourceTree = "<group>";
		};
		AF496A3524D73662008DAF8C /* Model */ = {
			isa = PBXGroup;
			children = (
				AF496A3A24D7369A008DAF8C /* Cactus.swift */,
				AF496A3C24D736A7008DAF8C /* CactusesStorage.swift */,
			);
			path = Model;
			sourceTree = "<group>";
		};
		AF496A3624D73666008DAF8C /* Controller */ = {
			isa = PBXGroup;
			children = (
				AF496A3824D7368D008DAF8C /* CactusShopViewController.swift */,
			);
			path = Controller;
			sourceTree = "<group>";
		};
		AF496A3724D7366A008DAF8C /* View */ = {
			isa = PBXGroup;
			children = (
				AF496A3E24D736DD008DAF8C /* CactusCollectionViewCell.swift */,
			);
			path = View;
			sourceTree = "<group>";
		};
		AF496A4024D7B8A3008DAF8C /* Learn */ = {
			isa = PBXGroup;
			children = (
				AF496A4724D7BEF4008DAF8C /* Model */,
				AF496A4424D7BC82008DAF8C /* View */,
				AF496A4124D7B8AA008DAF8C /* Controller */,
			);
			path = Learn;
			sourceTree = "<group>";
		};
		AF496A4124D7B8AA008DAF8C /* Controller */ = {
			isa = PBXGroup;
			children = (
				AF496A4224D7B8BF008DAF8C /* LearnViewController.swift */,
				AF08DFE824D9096C0008AB62 /* ArticleViewController.swift */,
			);
			path = Controller;
			sourceTree = "<group>";
		};
		AF496A4424D7BC82008DAF8C /* View */ = {
			isa = PBXGroup;
			children = (
				AF496A4524D7BC9F008DAF8C /* ArticleCollectionViewCell.swift */,
			);
			path = View;
			sourceTree = "<group>";
		};
		AF496A4724D7BEF4008DAF8C /* Model */ = {
			isa = PBXGroup;
			children = (
				AF496A4824D7BF01008DAF8C /* Article.swift */,
				AF08DFEA24D9180F0008AB62 /* Author.swift */,
				AF08DFF124DAA63F0008AB62 /* LearnResponse.swift */,
			);
			path = Model;
			sourceTree = "<group>";
		};
		AF5C1BBE24D57D0800B30CF6 /* Leaderboard */ = {
			isa = PBXGroup;
			children = (
				AF5C1BC724D57E7C00B30CF6 /* Controller */,
				AF5C1BC624D57E7800B30CF6 /* View */,
				AF5C1BC524D57E7300B30CF6 /* Model */,
			);
			path = Leaderboard;
			sourceTree = "<group>";
		};
		AF5C1BC524D57E7300B30CF6 /* Model */ = {
			isa = PBXGroup;
			children = (
				AF5C1BC324D57D4500B30CF6 /* LeadersStorage.swift */,
				AF5C1BC124D57D3600B30CF6 /* Leader.swift */,
			);
			path = Model;
			sourceTree = "<group>";
		};
		AF5C1BC624D57E7800B30CF6 /* View */ = {
			isa = PBXGroup;
			children = (
				AF5C1BC824D57E9700B30CF6 /* LeaderTableViewCell.swift */,
			);
			path = View;
			sourceTree = "<group>";
		};
		AF5C1BC724D57E7C00B30CF6 /* Controller */ = {
			isa = PBXGroup;
			children = (
				AF5C1BBF24D57D2300B30CF6 /* LeaderboardViewController.swift */,
				AF08DFE624D891820008AB62 /* LeaderViewController.swift */,
			);
			path = Controller;
			sourceTree = "<group>";
		};
		AF5C1BCA24D57EA100B30CF6 /* Model */ = {
			isa = PBXGroup;
			children = (
				AF3D932F24D51D0F00109169 /* SessionsStorage.swift */,
			);
			path = Model;
			sourceTree = "<group>";
		};
		AF5C1BCB24D57EA600B30CF6 /* View */ = {
			isa = PBXGroup;
			children = (
				AF3D933124D5273200109169 /* SessionsListTableViewCell.swift */,
			);
			path = View;
			sourceTree = "<group>";
		};
		AF5C1BCC24D57EAC00B30CF6 /* Controller */ = {
			isa = PBXGroup;
			children = (
				AF3D932D24D51C7B00109169 /* SessionsListViewController.swift */,
			);
			path = Controller;
			sourceTree = "<group>";
		};
/* End PBXGroup section */

/* Begin PBXNativeTarget section */
		AF3E08B124CFD05B0018905C /* Cactus */ = {
			isa = PBXNativeTarget;
			buildConfigurationList = AF3E08C624CFD05E0018905C /* Build configuration list for PBXNativeTarget "Cactus" */;
			buildPhases = (
				AF3E08AE24CFD05B0018905C /* Sources */,
				AF3E08AF24CFD05B0018905C /* Frameworks */,
				AF3E08B024CFD05B0018905C /* Resources */,
			);
			buildRules = (
			);
			dependencies = (
			);
			name = Cactus;
			productName = Cactus;
			productReference = AF3E08B224CFD05B0018905C /* Cactus.app */;
			productType = "com.apple.product-type.application";
		};
/* End PBXNativeTarget section */

/* Begin PBXProject section */
		AF3E08AA24CFD05B0018905C /* Project object */ = {
			isa = PBXProject;
			attributes = {
				LastSwiftUpdateCheck = 1160;
				LastUpgradeCheck = 1160;
				ORGANIZATIONNAME = "Тимур Табынбаев";
				TargetAttributes = {
					AF3E08B124CFD05B0018905C = {
						CreatedOnToolsVersion = 11.6;
					};
				};
			};
			buildConfigurationList = AF3E08AD24CFD05B0018905C /* Build configuration list for PBXProject "Cactus" */;
			compatibilityVersion = "Xcode 9.3";
			developmentRegion = en;
			hasScannedForEncodings = 0;
			knownRegions = (
				en,
				Base,
			);
			mainGroup = AF3E08A924CFD05B0018905C;
			productRefGroup = AF3E08B324CFD05B0018905C /* Products */;
			projectDirPath = "";
			projectRoot = "";
			targets = (
				AF3E08B124CFD05B0018905C /* Cactus */,
			);
		};
/* End PBXProject section */

/* Begin PBXResourcesBuildPhase section */
		AF3E08B024CFD05B0018905C /* Resources */ = {
			isa = PBXResourcesBuildPhase;
			buildActionMask = 2147483647;
			files = (
				AF3E08C224CFD05E0018905C /* LaunchScreen.storyboard in Resources */,
				AF3E08BF24CFD05E0018905C /* Assets.xcassets in Resources */,
				AF3E08BD24CFD05C0018905C /* Main.storyboard in Resources */,
			);
			runOnlyForDeploymentPostprocessing = 0;
		};
/* End PBXResourcesBuildPhase section */

/* Begin PBXSourcesBuildPhase section */
		AF3E08AE24CFD05B0018905C /* Sources */ = {
			isa = PBXSourcesBuildPhase;
			buildActionMask = 2147483647;
			files = (
				AF5C1BC024D57D2300B30CF6 /* LeaderboardViewController.swift in Sources */,
				AF3D932E24D51C7B00109169 /* SessionsListViewController.swift in Sources */,
				AF3D92CA24D128B100109169 /* Session.swift in Sources */,
				AF08DFEB24D9180F0008AB62 /* Author.swift in Sources */,
				AF3D92CC24D128EA00109169 /* SessionManager.swift in Sources */,
				AF496A4924D7BF01008DAF8C /* Article.swift in Sources */,
				AF496A3F24D736DD008DAF8C /* CactusCollectionViewCell.swift in Sources */,
				AF5C1BC424D57D4500B30CF6 /* LeadersStorage.swift in Sources */,
				AF3D92C224D02F4100109169 /* BreakViewController.swift in Sources */,
				AF496A3924D7368D008DAF8C /* CactusShopViewController.swift in Sources */,
				AF5C1BC224D57D3600B30CF6 /* Leader.swift in Sources */,
				AF08DFF224DAA63F0008AB62 /* LearnResponse.swift in Sources */,
				AF3D92D324D18A2900109169 /* Break.swift in Sources */,
				AF3D932B24D5189E00109169 /* CactusTabBarController.swift in Sources */,
				AF496A4624D7BC9F008DAF8C /* ArticleCollectionViewCell.swift in Sources */,
				AF3D92CE24D1291100109169 /* CountdownTimer.swift in Sources */,
				AF3D92D524D18A3800109169 /* BreakManager.swift in Sources */,
				AF496A4324D7B8BF008DAF8C /* LearnViewController.swift in Sources */,
				AF3D933024D51D0F00109169 /* SessionsStorage.swift in Sources */,
				AF496A3B24D7369A008DAF8C /* Cactus.swift in Sources */,
				AF3E08BA24CFD05C0018905C /* SessionViewController.swift in Sources */,
				AF3E08CA24CFE72A0018905C /* OnboardingViewController.swift in Sources */,
				AF3E08B624CFD05C0018905C /* AppDelegate.swift in Sources */,
				AF5C1BC924D57E9700B30CF6 /* LeaderTableViewCell.swift in Sources */,
				AF08DFE924D9096C0008AB62 /* ArticleViewController.swift in Sources */,
				AF496A3D24D736A7008DAF8C /* CactusesStorage.swift in Sources */,
				AF3D933224D5273200109169 /* SessionsListTableViewCell.swift in Sources */,
				AF08DFE724D891820008AB62 /* LeaderViewController.swift in Sources */,
			);
			runOnlyForDeploymentPostprocessing = 0;
		};
/* End PBXSourcesBuildPhase section */

/* Begin PBXVariantGroup section */
		AF3E08BB24CFD05C0018905C /* Main.storyboard */ = {
			isa = PBXVariantGroup;
			children = (
				AF3E08BC24CFD05C0018905C /* Base */,
			);
			name = Main.storyboard;
			sourceTree = "<group>";
		};
		AF3E08C024CFD05E0018905C /* LaunchScreen.storyboard */ = {
			isa = PBXVariantGroup;
			children = (
				AF3E08C124CFD05E0018905C /* Base */,
			);
			name = LaunchScreen.storyboard;
			sourceTree = "<group>";
		};
/* End PBXVariantGroup section */

/* Begin XCBuildConfiguration section */
		AF3E08C424CFD05E0018905C /* Debug */ = {
			isa = XCBuildConfiguration;
			buildSettings = {
				ALWAYS_SEARCH_USER_PATHS = NO;
				CLANG_ANALYZER_NONNULL = YES;
				CLANG_ANALYZER_NUMBER_OBJECT_CONVERSION = YES_AGGRESSIVE;
				CLANG_CXX_LANGUAGE_STANDARD = "gnu++14";
				CLANG_CXX_LIBRARY = "libc++";
				CLANG_ENABLE_MODULES = YES;
				CLANG_ENABLE_OBJC_ARC = YES;
				CLANG_ENABLE_OBJC_WEAK = YES;
				CLANG_WARN_BLOCK_CAPTURE_AUTORELEASING = YES;
				CLANG_WARN_BOOL_CONVERSION = YES;
				CLANG_WARN_COMMA = YES;
				CLANG_WARN_CONSTANT_CONVERSION = YES;
				CLANG_WARN_DEPRECATED_OBJC_IMPLEMENTATIONS = YES;
				CLANG_WARN_DIRECT_OBJC_ISA_USAGE = YES_ERROR;
				CLANG_WARN_DOCUMENTATION_COMMENTS = YES;
				CLANG_WARN_EMPTY_BODY = YES;
				CLANG_WARN_ENUM_CONVERSION = YES;
				CLANG_WARN_INFINITE_RECURSION = YES;
				CLANG_WARN_INT_CONVERSION = YES;
				CLANG_WARN_NON_LITERAL_NULL_CONVERSION = YES;
				CLANG_WARN_OBJC_IMPLICIT_RETAIN_SELF = YES;
				CLANG_WARN_OBJC_LITERAL_CONVERSION = YES;
				CLANG_WARN_OBJC_ROOT_CLASS = YES_ERROR;
				CLANG_WARN_RANGE_LOOP_ANALYSIS = YES;
				CLANG_WARN_STRICT_PROTOTYPES = YES;
				CLANG_WARN_SUSPICIOUS_MOVE = YES;
				CLANG_WARN_UNGUARDED_AVAILABILITY = YES_AGGRESSIVE;
				CLANG_WARN_UNREACHABLE_CODE = YES;
				CLANG_WARN__DUPLICATE_METHOD_MATCH = YES;
				COPY_PHASE_STRIP = NO;
				DEBUG_INFORMATION_FORMAT = dwarf;
				ENABLE_STRICT_OBJC_MSGSEND = YES;
				ENABLE_TESTABILITY = YES;
				GCC_C_LANGUAGE_STANDARD = gnu11;
				GCC_DYNAMIC_NO_PIC = NO;
				GCC_NO_COMMON_BLOCKS = YES;
				GCC_OPTIMIZATION_LEVEL = 0;
				GCC_PREPROCESSOR_DEFINITIONS = (
					"DEBUG=1",
					"$(inherited)",
				);
				GCC_WARN_64_TO_32_BIT_CONVERSION = YES;
				GCC_WARN_ABOUT_RETURN_TYPE = YES_ERROR;
				GCC_WARN_UNDECLARED_SELECTOR = YES;
				GCC_WARN_UNINITIALIZED_AUTOS = YES_AGGRESSIVE;
				GCC_WARN_UNUSED_FUNCTION = YES;
				GCC_WARN_UNUSED_VARIABLE = YES;
				IPHONEOS_DEPLOYMENT_TARGET = 13.6;
				MTL_ENABLE_DEBUG_INFO = INCLUDE_SOURCE;
				MTL_FAST_MATH = YES;
				ONLY_ACTIVE_ARCH = YES;
				SDKROOT = iphoneos;
				SWIFT_ACTIVE_COMPILATION_CONDITIONS = DEBUG;
				SWIFT_OPTIMIZATION_LEVEL = "-Onone";
			};
			name = Debug;
		};
		AF3E08C524CFD05E0018905C /* Release */ = {
			isa = XCBuildConfiguration;
			buildSettings = {
				ALWAYS_SEARCH_USER_PATHS = NO;
				CLANG_ANALYZER_NONNULL = YES;
				CLANG_ANALYZER_NUMBER_OBJECT_CONVERSION = YES_AGGRESSIVE;
				CLANG_CXX_LANGUAGE_STANDARD = "gnu++14";
				CLANG_CXX_LIBRARY = "libc++";
				CLANG_ENABLE_MODULES = YES;
				CLANG_ENABLE_OBJC_ARC = YES;
				CLANG_ENABLE_OBJC_WEAK = YES;
				CLANG_WARN_BLOCK_CAPTURE_AUTORELEASING = YES;
				CLANG_WARN_BOOL_CONVERSION = YES;
				CLANG_WARN_COMMA = YES;
				CLANG_WARN_CONSTANT_CONVERSION = YES;
				CLANG_WARN_DEPRECATED_OBJC_IMPLEMENTATIONS = YES;
				CLANG_WARN_DIRECT_OBJC_ISA_USAGE = YES_ERROR;
				CLANG_WARN_DOCUMENTATION_COMMENTS = YES;
				CLANG_WARN_EMPTY_BODY = YES;
				CLANG_WARN_ENUM_CONVERSION = YES;
				CLANG_WARN_INFINITE_RECURSION = YES;
				CLANG_WARN_INT_CONVERSION = YES;
				CLANG_WARN_NON_LITERAL_NULL_CONVERSION = YES;
				CLANG_WARN_OBJC_IMPLICIT_RETAIN_SELF = YES;
				CLANG_WARN_OBJC_LITERAL_CONVERSION = YES;
				CLANG_WARN_OBJC_ROOT_CLASS = YES_ERROR;
				CLANG_WARN_RANGE_LOOP_ANALYSIS = YES;
				CLANG_WARN_STRICT_PROTOTYPES = YES;
				CLANG_WARN_SUSPICIOUS_MOVE = YES;
				CLANG_WARN_UNGUARDED_AVAILABILITY = YES_AGGRESSIVE;
				CLANG_WARN_UNREACHABLE_CODE = YES;
				CLANG_WARN__DUPLICATE_METHOD_MATCH = YES;
				COPY_PHASE_STRIP = NO;
				DEBUG_INFORMATION_FORMAT = "dwarf-with-dsym";
				ENABLE_NS_ASSERTIONS = NO;
				ENABLE_STRICT_OBJC_MSGSEND = YES;
				GCC_C_LANGUAGE_STANDARD = gnu11;
				GCC_NO_COMMON_BLOCKS = YES;
				GCC_WARN_64_TO_32_BIT_CONVERSION = YES;
				GCC_WARN_ABOUT_RETURN_TYPE = YES_ERROR;
				GCC_WARN_UNDECLARED_SELECTOR = YES;
				GCC_WARN_UNINITIALIZED_AUTOS = YES_AGGRESSIVE;
				GCC_WARN_UNUSED_FUNCTION = YES;
				GCC_WARN_UNUSED_VARIABLE = YES;
				IPHONEOS_DEPLOYMENT_TARGET = 13.6;
				MTL_ENABLE_DEBUG_INFO = NO;
				MTL_FAST_MATH = YES;
				SDKROOT = iphoneos;
				SWIFT_COMPILATION_MODE = wholemodule;
				SWIFT_OPTIMIZATION_LEVEL = "-O";
				VALIDATE_PRODUCT = YES;
			};
			name = Release;
		};
		AF3E08C724CFD05E0018905C /* Debug */ = {
			isa = XCBuildConfiguration;
			buildSettings = {
				ASSETCATALOG_COMPILER_APPICON_NAME = AppIcon;
				CODE_SIGN_STYLE = Automatic;
				INFOPLIST_FILE = Cactus/Info.plist;
				LD_RUNPATH_SEARCH_PATHS = (
					"$(inherited)",
					"@executable_path/Frameworks",
				);
				PRODUCT_BUNDLE_IDENTIFIER = tabynbayev.Cactus;
				PRODUCT_NAME = "$(TARGET_NAME)";
				SWIFT_VERSION = 5.0;
				TARGETED_DEVICE_FAMILY = "1,2";
			};
			name = Debug;
		};
		AF3E08C824CFD05E0018905C /* Release */ = {
			isa = XCBuildConfiguration;
			buildSettings = {
				ASSETCATALOG_COMPILER_APPICON_NAME = AppIcon;
				CODE_SIGN_STYLE = Automatic;
				INFOPLIST_FILE = Cactus/Info.plist;
				LD_RUNPATH_SEARCH_PATHS = (
					"$(inherited)",
					"@executable_path/Frameworks",
				);
				PRODUCT_BUNDLE_IDENTIFIER = tabynbayev.Cactus;
				PRODUCT_NAME = "$(TARGET_NAME)";
				SWIFT_VERSION = 5.0;
				TARGETED_DEVICE_FAMILY = "1,2";
			};
			name = Release;
		};
/* End XCBuildConfiguration section */

/* Begin XCConfigurationList section */
		AF3E08AD24CFD05B0018905C /* Build configuration list for PBXProject "Cactus" */ = {
			isa = XCConfigurationList;
			buildConfigurations = (
				AF3E08C424CFD05E0018905C /* Debug */,
				AF3E08C524CFD05E0018905C /* Release */,
			);
			defaultConfigurationIsVisible = 0;
			defaultConfigurationName = Release;
		};
		AF3E08C624CFD05E0018905C /* Build configuration list for PBXNativeTarget "Cactus" */ = {
			isa = XCConfigurationList;
			buildConfigurations = (
				AF3E08C724CFD05E0018905C /* Debug */,
				AF3E08C824CFD05E0018905C /* Release */,
			);
			defaultConfigurationIsVisible = 0;
			defaultConfigurationName = Release;
		};
/* End XCConfigurationList section */
	};
	rootObject = AF3E08AA24CFD05B0018905C /* Project object */;
}
